
Microsoft Visual Studio Solution File, Format Version 12.00
# Visual Studio Version 16
VisualStudioVersion = 16.0.31005.135
MinimumVisualStudioVersion = 10.0.40219.1
Project("{FAE04EC0-301F-11D3-BF4B-00C04F79EFBC}") = "Using", "Using\Using.csproj", "{EEE9CEAC-61BD-4510-BE82-19DB2098E454}"
EndProject
Global
	GlobalSection(SolutionConfigurationPlatforms) = preSolution
		Debug|Any CPU = Debug|Any CPU
		Release|Any CPU = Release|Any CPU
	EndGlobalSection
	GlobalSection(ProjectConfigurationPlatforms) = postSolution
		{EEE9CEAC-61BD-4510-BE82-19DB2098E454}.Debug|Any CPU.ActiveCfg = Debug|Any CPU
		{EEE9CEAC-61BD-4510-BE82-19DB2098E454}.Debug|Any CPU.Build.0 = Debug|Any CPU
		{EEE9CEAC-61BD-4510-BE82-19DB2098E454}.Release|Any CPU.ActiveCfg = Release|Any CPU
		{EEE9CEAC-61BD-4510-BE82-19DB2098E454}.Release|Any CPU.Build.0 = Release|Any CPU
	EndGlobalSection
	GlobalSection(SolutionProperties) = preSolution
		HideSolutionNode = FALSE
	EndGlobalSection
	GlobalSection(ExtensibilityGlobals) = postSolution
		SolutionGuid = {77BE853D-C232-4948-BF17-67E2F7ACEA94}
	EndGlobalSection
EndGlobal
